
Microsoft Visual Studio Solution File, Format Version 12.00
# Visual Studio Version 17
VisualStudioVersion = 17.8.34330.188
MinimumVisualStudioVersion = 10.0.40219.1
Project("{FAE04EC0-301F-11D3-BF4B-00C04F79EFBC}") = "DateTimePickerCustomNet6", "DateTimePickerCustomNet6\DateTimePickerCustomNet6.csproj", "{5E6F4640-DA28-4890-83D9-1E646439C8EF}"
EndProject
Project("{FAE04EC0-301F-11D3-BF4B-00C04F79EFBC}") = "TestCalander", "TestCalander\TestCalander.csproj", "{7D4FC87F-F62D-49CC-BFB5-94035DBCEDCD}"
EndProject
Global
	GlobalSection(SolutionConfigurationPlatforms) = preSolution
		Debug|Any CPU = Debug|Any CPU
		Release|Any CPU = Release|Any CPU
	EndGlobalSection
	GlobalSection(ProjectConfigurationPlatforms) = postSolution
		{5E6F4640-DA28-4890-83D9-1E646439C8EF}.Debug|Any CPU.ActiveCfg = Debug|Any CPU
		{5E6F4640-DA28-4890-83D9-1E646439C8EF}.Debug|Any CPU.Build.0 = Debug|Any CPU
		{5E6F4640-DA28-4890-83D9-1E646439C8EF}.Release|Any CPU.ActiveCfg = Release|Any CPU
		{5E6F4640-DA28-4890-83D9-1E646439C8EF}.Release|Any CPU.Build.0 = Release|Any CPU
		{7D4FC87F-F62D-49CC-BFB5-94035DBCEDCD}.Debug|Any CPU.ActiveCfg = Debug|Any CPU
		{7D4FC87F-F62D-49CC-BFB5-94035DBCEDCD}.Debug|Any CPU.Build.0 = Debug|Any CPU
		{7D4FC87F-F62D-49CC-BFB5-94035DBCEDCD}.Release|Any CPU.ActiveCfg = Release|Any CPU
		{7D4FC87F-F62D-49CC-BFB5-94035DBCEDCD}.Release|Any CPU.Build.0 = Release|Any CPU
	EndGlobalSection
	GlobalSection(SolutionProperties) = preSolution
		HideSolutionNode = FALSE
	EndGlobalSection
	GlobalSection(ExtensibilityGlobals) = postSolution
		SolutionGuid = {89A0A0E3-F835-4D1F-A96D-557A2B35F9A5}
	EndGlobalSection
EndGlobal
